
Microsoft Visual Studio Solution File, Format Version 12.00
# Visual Studio Version 17
VisualStudioVersion = 17.5.33530.505
MinimumVisualStudioVersion = 10.0.40219.1
Project("{9A19103F-16F7-4668-BE54-9A1E7A4F7556}") = "InventoryServices", "..\InventoryServices\InventoryServices.csproj", "{AE82CCDE-17AF-4293-AE6F-42B37A77E967}"
EndProject
Project("{9A19103F-16F7-4668-BE54-9A1E7A4F7556}") = "Inventory_Gatway", "..\Inventory_Gatway\Inventory_Gatway.csproj", "{EB0390DE-3A7F-4CF1-9769-1EB8C84F0B8D}"
EndProject
Project("{2150E333-8FDC-42A3-9474-1A3956D46DE8}") = "Inventory", "Inventory", "{1FD7AE27-1DA2-49F0-A328-ECCBAC0018CE}"
EndProject
Project("{9A19103F-16F7-4668-BE54-9A1E7A4F7556}") = "StockServices", "..\StockServices\StockServices.csproj", "{11296C04-F785-4D31-AEE9-9AC56849F31A}"
EndProject
Project("{9A19103F-16F7-4668-BE54-9A1E7A4F7556}") = "Stock_Gatway", "..\Stock_Gatway\Stock_Gatway.csproj", "{6BB122C5-F2F4-497A-BCDA-CB32439A5372}"
EndProject
Project("{2150E333-8FDC-42A3-9474-1A3956D46DE8}") = "Stock", "Stock", "{8326D61F-8F42-4364-89EB-155D1B9C5DDB}"
EndProject
Project("{9A19103F-16F7-4668-BE54-9A1E7A4F7556}") = "ProductServices", "..\ProductServices\ProductServices.csproj", "{FE8D34C2-C491-4681-9FCB-2D2254A23834}"
EndProject
Project("{2150E333-8FDC-42A3-9474-1A3956D46DE8}") = "Product", "Product", "{C4A88930-EB9B-4EA1-B810-F214A47BF972}"
EndProject
Project("{9A19103F-16F7-4668-BE54-9A1E7A4F7556}") = "Product_Gatway", "Product_Gatway\Product_Gatway.csproj", "{B669FFA2-A5BE-46DA-911F-DFFE717AEDFD}"
EndProject
Project("{2150E333-8FDC-42A3-9474-1A3956D46DE8}") = "Category", "Category", "{551FDBA8-9477-4318-8072-76CF6583516A}"
EndProject
Project("{9A19103F-16F7-4668-BE54-9A1E7A4F7556}") = "CategoryServices", "CategoryServices\CategoryServices.csproj", "{0E0607F5-C3FD-4EC8-A278-5C3615A18FC4}"
EndProject
Project("{9A19103F-16F7-4668-BE54-9A1E7A4F7556}") = "Category_Gatway", "Category_Gatway\Category_Gatway.csproj", "{9C89F2A6-7286-4CEE-9D4A-2AFCC7A806D3}"
EndProject
Project("{2150E333-8FDC-42A3-9474-1A3956D46DE8}") = "Type", "Type", "{5B4F973D-A355-4747-BE3F-AA6C74F2E396}"
EndProject
Project("{9A19103F-16F7-4668-BE54-9A1E7A4F7556}") = "TypeServices", "TypeServices\TypeServices.csproj", "{D41F7438-7707-4A11-B286-C35D9C9A8FFA}"
EndProject
Project("{9A19103F-16F7-4668-BE54-9A1E7A4F7556}") = "Type_Gatway", "Type_Gatway\Type_Gatway.csproj", "{4154873A-D113-40F2-AA38-967B7B4FF281}"
EndProject
Project("{2150E333-8FDC-42A3-9474-1A3956D46DE8}") = "Supplier", "Supplier", "{AF518AB4-B65C-4933-B01A-75C385554D18}"
EndProject
Project("{9A19103F-16F7-4668-BE54-9A1E7A4F7556}") = "SupplierServices", "SupplierServices\SupplierServices.csproj", "{754413F1-C2B1-4F44-A008-C6D305F947BF}"
EndProject
Project("{9A19103F-16F7-4668-BE54-9A1E7A4F7556}") = "Supplier_Gatway", "Supplier_Gatway\Supplier_Gatway.csproj", "{96564B4A-DDC1-480F-952A-E5AC853682E5}"
EndProject
Project("{2150E333-8FDC-42A3-9474-1A3956D46DE8}") = "Company", "Company", "{51D0A3E0-DEE4-4F00-B47E-8A599D3EBCA8}"
EndProject
Project("{9A19103F-16F7-4668-BE54-9A1E7A4F7556}") = "CompanyServices", "CompanyServices\CompanyServices.csproj", "{846C3250-9EE2-4CBA-8488-8117053EF590}"
EndProject
Project("{9A19103F-16F7-4668-BE54-9A1E7A4F7556}") = "Company_Gatway", "Company_Gatway\Company_Gatway.csproj", "{C38D6183-9592-497E-8815-DF9E452D40FB}"
EndProject
Project("{2150E333-8FDC-42A3-9474-1A3956D46DE8}") = "Order", "Order", "{B1FB5C7A-E297-4D08-834B-96269E7A2FCD}"
EndProject
Project("{9A19103F-16F7-4668-BE54-9A1E7A4F7556}") = "OrderServices", "OrderServices\OrderServices.csproj", "{C06B7CF6-65E8-4274-A46A-BE3D7B3545AA}"
EndProject
Project("{FAE04EC0-301F-11D3-BF4B-00C04F79EFBC}") = "Order_Gatway", "Order_Gatway\Order_Gatway.csproj", "{A4E87D06-5F5B-43D3-8CA1-05FAE30F550A}"
EndProject
Global
	GlobalSection(SolutionConfigurationPlatforms) = preSolution
		Debug|Any CPU = Debug|Any CPU
		Release|Any CPU = Release|Any CPU
	EndGlobalSection
	GlobalSection(ProjectConfigurationPlatforms) = postSolution
		{AE82CCDE-17AF-4293-AE6F-42B37A77E967}.Debug|Any CPU.ActiveCfg = Debug|Any CPU
		{AE82CCDE-17AF-4293-AE6F-42B37A77E967}.Debug|Any CPU.Build.0 = Debug|Any CPU
		{AE82CCDE-17AF-4293-AE6F-42B37A77E967}.Release|Any CPU.ActiveCfg = Release|Any CPU
		{AE82CCDE-17AF-4293-AE6F-42B37A77E967}.Release|Any CPU.Build.0 = Release|Any CPU
		{EB0390DE-3A7F-4CF1-9769-1EB8C84F0B8D}.Debug|Any CPU.ActiveCfg = Debug|Any CPU
		{EB0390DE-3A7F-4CF1-9769-1EB8C84F0B8D}.Debug|Any CPU.Build.0 = Debug|Any CPU
		{EB0390DE-3A7F-4CF1-9769-1EB8C84F0B8D}.Release|Any CPU.ActiveCfg = Release|Any CPU
		{EB0390DE-3A7F-4CF1-9769-1EB8C84F0B8D}.Release|Any CPU.Build.0 = Release|Any CPU
		{11296C04-F785-4D31-AEE9-9AC56849F31A}.Debug|Any CPU.ActiveCfg = Debug|Any CPU
		{11296C04-F785-4D31-AEE9-9AC56849F31A}.Debug|Any CPU.Build.0 = Debug|Any CPU
		{11296C04-F785-4D31-AEE9-9AC56849F31A}.Release|Any CPU.ActiveCfg = Release|Any CPU
		{11296C04-F785-4D31-AEE9-9AC56849F31A}.Release|Any CPU.Build.0 = Release|Any CPU
		{6BB122C5-F2F4-497A-BCDA-CB32439A5372}.Debug|Any CPU.ActiveCfg = Debug|Any CPU
		{6BB122C5-F2F4-497A-BCDA-CB32439A5372}.Debug|Any CPU.Build.0 = Debug|Any CPU
		{6BB122C5-F2F4-497A-BCDA-CB32439A5372}.Release|Any CPU.ActiveCfg = Release|Any CPU
		{6BB122C5-F2F4-497A-BCDA-CB32439A5372}.Release|Any CPU.Build.0 = Release|Any CPU
		{FE8D34C2-C491-4681-9FCB-2D2254A23834}.Debug|Any CPU.ActiveCfg = Debug|Any CPU
		{FE8D34C2-C491-4681-9FCB-2D2254A23834}.Debug|Any CPU.Build.0 = Debug|Any CPU
		{FE8D34C2-C491-4681-9FCB-2D2254A23834}.Release|Any CPU.ActiveCfg = Release|Any CPU
		{FE8D34C2-C491-4681-9FCB-2D2254A23834}.Release|Any CPU.Build.0 = Release|Any CPU
		{B669FFA2-A5BE-46DA-911F-DFFE717AEDFD}.Debug|Any CPU.ActiveCfg = Debug|Any CPU
		{B669FFA2-A5BE-46DA-911F-DFFE717AEDFD}.Debug|Any CPU.Build.0 = Debug|Any CPU
		{B669FFA2-A5BE-46DA-911F-DFFE717AEDFD}.Release|Any CPU.ActiveCfg = Release|Any CPU
		{B669FFA2-A5BE-46DA-911F-DFFE717AEDFD}.Release|Any CPU.Build.0 = Release|Any CPU
		{0E0607F5-C3FD-4EC8-A278-5C3615A18FC4}.Debug|Any CPU.ActiveCfg = Debug|Any CPU
		{0E0607F5-C3FD-4EC8-A278-5C3615A18FC4}.Debug|Any CPU.Build.0 = Debug|Any CPU
		{0E0607F5-C3FD-4EC8-A278-5C3615A18FC4}.Release|Any CPU.ActiveCfg = Release|Any CPU
		{0E0607F5-C3FD-4EC8-A278-5C3615A18FC4}.Release|Any CPU.Build.0 = Release|Any CPU
		{9C89F2A6-7286-4CEE-9D4A-2AFCC7A806D3}.Debug|Any CPU.ActiveCfg = Debug|Any CPU
		{9C89F2A6-7286-4CEE-9D4A-2AFCC7A806D3}.Debug|Any CPU.Build.0 = Debug|Any CPU
		{9C89F2A6-7286-4CEE-9D4A-2AFCC7A806D3}.Release|Any CPU.ActiveCfg = Release|Any CPU
		{9C89F2A6-7286-4CEE-9D4A-2AFCC7A806D3}.Release|Any CPU.Build.0 = Release|Any CPU
		{D41F7438-7707-4A11-B286-C35D9C9A8FFA}.Debug|Any CPU.ActiveCfg = Debug|Any CPU
		{D41F7438-7707-4A11-B286-C35D9C9A8FFA}.Debug|Any CPU.Build.0 = Debug|Any CPU
		{D41F7438-7707-4A11-B286-C35D9C9A8FFA}.Release|Any CPU.ActiveCfg = Release|Any CPU
		{D41F7438-7707-4A11-B286-C35D9C9A8FFA}.Release|Any CPU.Build.0 = Release|Any CPU
		{4154873A-D113-40F2-AA38-967B7B4FF281}.Debug|Any CPU.ActiveCfg = Debug|Any CPU
		{4154873A-D113-40F2-AA38-967B7B4FF281}.Debug|Any CPU.Build.0 = Debug|Any CPU
		{4154873A-D113-40F2-AA38-967B7B4FF281}.Release|Any CPU.ActiveCfg = Release|Any CPU
		{4154873A-D113-40F2-AA38-967B7B4FF281}.Release|Any CPU.Build.0 = Release|Any CPU
		{754413F1-C2B1-4F44-A008-C6D305F947BF}.Debug|Any CPU.ActiveCfg = Debug|Any CPU
		{754413F1-C2B1-4F44-A008-C6D305F947BF}.Debug|Any CPU.Build.0 = Debug|Any CPU
		{754413F1-C2B1-4F44-A008-C6D305F947BF}.Release|Any CPU.ActiveCfg = Release|Any CPU
		{754413F1-C2B1-4F44-A008-C6D305F947BF}.Release|Any CPU.Build.0 = Release|Any CPU
		{96564B4A-DDC1-480F-952A-E5AC853682E5}.Debug|Any CPU.ActiveCfg = Debug|Any CPU
		{96564B4A-DDC1-480F-952A-E5AC853682E5}.Debug|Any CPU.Build.0 = Debug|Any CPU
		{96564B4A-DDC1-480F-952A-E5AC853682E5}.Release|Any CPU.ActiveCfg = Release|Any CPU
		{96564B4A-DDC1-480F-952A-E5AC853682E5}.Release|Any CPU.Build.0 = Release|Any CPU
		{846C3250-9EE2-4CBA-8488-8117053EF590}.Debug|Any CPU.ActiveCfg = Debug|Any CPU
		{846C3250-9EE2-4CBA-8488-8117053EF590}.Debug|Any CPU.Build.0 = Debug|Any CPU
		{846C3250-9EE2-4CBA-8488-8117053EF590}.Release|Any CPU.ActiveCfg = Release|Any CPU
		{846C3250-9EE2-4CBA-8488-8117053EF590}.Release|Any CPU.Build.0 = Release|Any CPU
		{C38D6183-9592-497E-8815-DF9E452D40FB}.Debug|Any CPU.ActiveCfg = Debug|Any CPU
		{C38D6183-9592-497E-8815-DF9E452D40FB}.Debug|Any CPU.Build.0 = Debug|Any CPU
		{C38D6183-9592-497E-8815-DF9E452D40FB}.Release|Any CPU.ActiveCfg = Release|Any CPU
		{C38D6183-9592-497E-8815-DF9E452D40FB}.Release|Any CPU.Build.0 = Release|Any CPU
		{C06B7CF6-65E8-4274-A46A-BE3D7B3545AA}.Debug|Any CPU.ActiveCfg = Debug|Any CPU
		{C06B7CF6-65E8-4274-A46A-BE3D7B3545AA}.Debug|Any CPU.Build.0 = Debug|Any CPU
		{C06B7CF6-65E8-4274-A46A-BE3D7B3545AA}.Release|Any CPU.ActiveCfg = Release|Any CPU
		{C06B7CF6-65E8-4274-A46A-BE3D7B3545AA}.Release|Any CPU.Build.0 = Release|Any CPU
		{A4E87D06-5F5B-43D3-8CA1-05FAE30F550A}.Debug|Any CPU.ActiveCfg = Debug|Any CPU
		{A4E87D06-5F5B-43D3-8CA1-05FAE30F550A}.Debug|Any CPU.Build.0 = Debug|Any CPU
		{A4E87D06-5F5B-43D3-8CA1-05FAE30F550A}.Release|Any CPU.ActiveCfg = Release|Any CPU
		{A4E87D06-5F5B-43D3-8CA1-05FAE30F550A}.Release|Any CPU.Build.0 = Release|Any CPU
	EndGlobalSection
	GlobalSection(SolutionProperties) = preSolution
		HideSolutionNode = FALSE
	EndGlobalSection
	GlobalSection(NestedProjects) = preSolution
		{AE82CCDE-17AF-4293-AE6F-42B37A77E967} = {1FD7AE27-1DA2-49F0-A328-ECCBAC0018CE}
		{EB0390DE-3A7F-4CF1-9769-1EB8C84F0B8D} = {1FD7AE27-1DA2-49F0-A328-ECCBAC0018CE}
		{11296C04-F785-4D31-AEE9-9AC56849F31A} = {8326D61F-8F42-4364-89EB-155D1B9C5DDB}
		{6BB122C5-F2F4-497A-BCDA-CB32439A5372} = {8326D61F-8F42-4364-89EB-155D1B9C5DDB}
		{FE8D34C2-C491-4681-9FCB-2D2254A23834} = {C4A88930-EB9B-4EA1-B810-F214A47BF972}
		{B669FFA2-A5BE-46DA-911F-DFFE717AEDFD} = {C4A88930-EB9B-4EA1-B810-F214A47BF972}
		{0E0607F5-C3FD-4EC8-A278-5C3615A18FC4} = {551FDBA8-9477-4318-8072-76CF6583516A}
		{9C89F2A6-7286-4CEE-9D4A-2AFCC7A806D3} = {551FDBA8-9477-4318-8072-76CF6583516A}
		{D41F7438-7707-4A11-B286-C35D9C9A8FFA} = {5B4F973D-A355-4747-BE3F-AA6C74F2E396}
		{4154873A-D113-40F2-AA38-967B7B4FF281} = {5B4F973D-A355-4747-BE3F-AA6C74F2E396}
		{754413F1-C2B1-4F44-A008-C6D305F947BF} = {AF518AB4-B65C-4933-B01A-75C385554D18}
		{96564B4A-DDC1-480F-952A-E5AC853682E5} = {AF518AB4-B65C-4933-B01A-75C385554D18}
		{846C3250-9EE2-4CBA-8488-8117053EF590} = {51D0A3E0-DEE4-4F00-B47E-8A599D3EBCA8}
		{C38D6183-9592-497E-8815-DF9E452D40FB} = {51D0A3E0-DEE4-4F00-B47E-8A599D3EBCA8}
		{C06B7CF6-65E8-4274-A46A-BE3D7B3545AA} = {B1FB5C7A-E297-4D08-834B-96269E7A2FCD}
		{A4E87D06-5F5B-43D3-8CA1-05FAE30F550A} = {B1FB5C7A-E297-4D08-834B-96269E7A2FCD}
	EndGlobalSection
	GlobalSection(ExtensibilityGlobals) = postSolution
		SolutionGuid = {46B4973A-0ACD-4621-A55B-10DCA2E5667D}
	EndGlobalSection
EndGlobal
